
PODS:
- ACSimpleKeychain (0.0.1)
- AFNetworking (1.0)
- LOG_EXPR (1.2)
- SVProgressHUD (0.8)
- TestFlightSDK (1.1)

DEPENDENCIES:
- ACSimpleKeychain (~> 0.0.1)
- AFNetworking (~> 1.0)
- LOG_EXPR (~> 1.2)
- SVProgressHUD (~> 0.8)
- TestFlightSDK (~> 1.1)

SPEC CHECKSUMS:
  ACSimpleKeychain: bd3dc5db0df1da0b44c15e6e997d8b802682ac18
  AFNetworking: 8ebc0d45f8753337f280a427c6b9b707e2eecc94
  LOG_EXPR: 98b4a79dcbac62529ea7d0c5fcb82e7727970233
  SVProgressHUD: 51042a14e3a716efdbdd73cbb2181fb23ee94389
  TestFlightSDK: a62347405c04307e2953eda4b8cc465ee51a6c90

COCOAPODS: 0.15.1
