
PODS:
- ACSimpleKeychain (0.0.1)
- AFNetworking (1.0)
- LOG_EXPR (1.2)

DEPENDENCIES:
- ACSimpleKeychain (~> 0.0.1)
- AFNetworking (~> 1.0)
- LOG_EXPR (~> 1.2)

SPEC CHECKSUMS:
  ACSimpleKeychain: bd3dc5db0df1da0b44c15e6e997d8b802682ac18
  AFNetworking: e9e0911a6afd846691672a4d832fb531e8bae72f
  LOG_EXPR: 98b4a79dcbac62529ea7d0c5fcb82e7727970233

COCOAPODS: 0.14.0
