// !$*UTF8*$!
{
	archiveVersion = 1;
	classes = {
	};
	objectVersion = 46;
	objects = {

/* Begin PBXBuildFile section */
		1405C4AB1614528B0098BFC4 /* Security.framework in Frameworks */ = {isa = PBXBuildFile; fileRef = 1405C4AA1614528B0098BFC4 /* Security.framework */; };
		141F3C15161D8DB40098D478 /* Icon-72.png in Resources */ = {isa = PBXBuildFile; fileRef = 141F3C0D161D8DB40098D478 /* Icon-72.png */; };
		141F3C16161D8DB40098D478 /* Icon-72@2x.png in Resources */ = {isa = PBXBuildFile; fileRef = 141F3C0E161D8DB40098D478 /* Icon-72@2x.png */; };
		141F3C17161D8DB40098D478 /* Icon-Small-50.png in Resources */ = {isa = PBXBuildFile; fileRef = 141F3C0F161D8DB40098D478 /* Icon-Small-50.png */; };
		141F3C18161D8DB40098D478 /* Icon-Small-50@2x.png in Resources */ = {isa = PBXBuildFile; fileRef = 141F3C10161D8DB40098D478 /* Icon-Small-50@2x.png */; };
		141F3C19161D8DB40098D478 /* Icon-Small.png in Resources */ = {isa = PBXBuildFile; fileRef = 141F3C11161D8DB40098D478 /* Icon-Small.png */; };
		141F3C1A161D8DB40098D478 /* Icon-Small@2x.png in Resources */ = {isa = PBXBuildFile; fileRef = 141F3C12161D8DB40098D478 /* Icon-Small@2x.png */; };
		141F3C1B161D8DB40098D478 /* Icon.png in Resources */ = {isa = PBXBuildFile; fileRef = 141F3C13161D8DB40098D478 /* Icon.png */; };
		141F3C1C161D8DB40098D478 /* Icon@2x.png in Resources */ = {isa = PBXBuildFile; fileRef = 141F3C14161D8DB40098D478 /* Icon@2x.png */; };
		142A594B162A14D800257605 /* ToggleTaskButton.m in Sources */ = {isa = PBXBuildFile; fileRef = 142A594A162A14D800257605 /* ToggleTaskButton.m */; };
		142A594F162A156000257605 /* QuartzCore.framework in Frameworks */ = {isa = PBXBuildFile; fileRef = 142A594D162A155700257605 /* QuartzCore.framework */; };
		1435EDB11613B31D008BF105 /* UIKit.framework in Frameworks */ = {isa = PBXBuildFile; fileRef = 1435EDB01613B31D008BF105 /* UIKit.framework */; };
		1435EDB31613B31D008BF105 /* Foundation.framework in Frameworks */ = {isa = PBXBuildFile; fileRef = 1435EDB21613B31D008BF105 /* Foundation.framework */; };
		1435EDB51613B31D008BF105 /* CoreGraphics.framework in Frameworks */ = {isa = PBXBuildFile; fileRef = 1435EDB41613B31D008BF105 /* CoreGraphics.framework */; };
		1435EDBB1613B31D008BF105 /* InfoPlist.strings in Resources */ = {isa = PBXBuildFile; fileRef = 1435EDB91613B31D008BF105 /* InfoPlist.strings */; };
		1435EDBD1613B31D008BF105 /* main.m in Sources */ = {isa = PBXBuildFile; fileRef = 1435EDBC1613B31D008BF105 /* main.m */; };
		1435EDC11613B31D008BF105 /* AppDelegate.m in Sources */ = {isa = PBXBuildFile; fileRef = 1435EDC01613B31D008BF105 /* AppDelegate.m */; };
		1435EDC31613B31E008BF105 /* Default.png in Resources */ = {isa = PBXBuildFile; fileRef = 1435EDC21613B31D008BF105 /* Default.png */; };
		1435EDC51613B31E008BF105 /* Default@2x.png in Resources */ = {isa = PBXBuildFile; fileRef = 1435EDC41613B31E008BF105 /* Default@2x.png */; };
		1435EDC71613B31E008BF105 /* Default-568h@2x.png in Resources */ = {isa = PBXBuildFile; fileRef = 1435EDC61613B31E008BF105 /* Default-568h@2x.png */; };
		1435EDCD1613B31E008BF105 /* TasksViewController.m in Sources */ = {isa = PBXBuildFile; fileRef = 1435EDCC1613B31E008BF105 /* TasksViewController.m */; };
		143CC782163B4E2800698C82 /* MenuViewController.m in Sources */ = {isa = PBXBuildFile; fileRef = 143CC781163B4E2800698C82 /* MenuViewController.m */; };
		143ED8F31624E43B00F7EA62 /* Task.m in Sources */ = {isa = PBXBuildFile; fileRef = 143ED8F21624E43B00F7EA62 /* Task.m */; };
		14626028161F5B0900C766A8 /* MainStoryboard.storyboard in Resources */ = {isa = PBXBuildFile; fileRef = 14626026161F5B0900C766A8 /* MainStoryboard.storyboard */; };
		147590A11613B4C40013CF70 /* AFMrTickTockAPIClient.m in Sources */ = {isa = PBXBuildFile; fileRef = 147590A01613B4C40013CF70 /* AFMrTickTockAPIClient.m */; };
		147590A51613D08E0013CF70 /* TaskCell.m in Sources */ = {isa = PBXBuildFile; fileRef = 147590A41613D08E0013CF70 /* TaskCell.m */; };
		148BD3521624E90A00FF4CFE /* MrTickTock.xcdatamodeld in Sources */ = {isa = PBXBuildFile; fileRef = 143ED8DD1624C92E00F7EA62 /* MrTickTock.xcdatamodeld */; };
		148BD3541624E99D00FF4CFE /* MobileCoreServices.framework in Frameworks */ = {isa = PBXBuildFile; fileRef = 148BD3531624E99D00FF4CFE /* MobileCoreServices.framework */; };
		148BD3591624EAF600FF4CFE /* CoreData.framework in Frameworks */ = {isa = PBXBuildFile; fileRef = 148BD3571624EAE400FF4CFE /* CoreData.framework */; };
		148BF380162DF4A000B68C62 /* pause.pdf in Resources */ = {isa = PBXBuildFile; fileRef = 148BF37E162DF4A000B68C62 /* pause.pdf */; };
		148BF381162DF4A000B68C62 /* start.pdf in Resources */ = {isa = PBXBuildFile; fileRef = 148BF37F162DF4A000B68C62 /* start.pdf */; };
		148BF389162E045000B68C62 /* UIImage+Utils.m in Sources */ = {isa = PBXBuildFile; fileRef = 148BF388162E045000B68C62 /* UIImage+Utils.m */; };
		14AA7C8B1629D6F800DA9597 /* TasksManager.m in Sources */ = {isa = PBXBuildFile; fileRef = 14AA7C8A1629D6F800DA9597 /* TasksManager.m */; settings = {COMPILER_FLAGS = "-fno-objc-arc"; }; };
		14C0FFD7161F8A19004A7380 /* bar@2x.png in Resources */ = {isa = PBXBuildFile; fileRef = 14C0FFD6161F8A19004A7380 /* bar@2x.png */; };
		14C0FFDB161F91D1004A7380 /* nav-button@2x.png in Resources */ = {isa = PBXBuildFile; fileRef = 14C0FFD9161F91D1004A7380 /* nav-button@2x.png */; };
		14C0FFDD161F9518004A7380 /* nav-button-selected@2x.png in Resources */ = {isa = PBXBuildFile; fileRef = 14C0FFDC161F9517004A7380 /* nav-button-selected@2x.png */; };
		14C9F03716309DCC00F8C94D /* SearchBar.m in Sources */ = {isa = PBXBuildFile; fileRef = 14C9F03616309DCC00F8C94D /* SearchBar.m */; };
		14D7A0E816150160004BF0AB /* SystemConfiguration.framework in Frameworks */ = {isa = PBXBuildFile; fileRef = 14D7A0E716150160004BF0AB /* SystemConfiguration.framework */; };
		14D7A0F416151710004BF0AB /* LoginViewController.m in Sources */ = {isa = PBXBuildFile; fileRef = 14D7A0F316151710004BF0AB /* LoginViewController.m */; };
		14DFB4A21632E97600B0109F /* Proxima Nova Reg.otf in Resources */ = {isa = PBXBuildFile; fileRef = 14DFB4A01632E97600B0109F /* Proxima Nova Reg.otf */; };
		14DFB4A31632E97600B0109F /* Proxima Nova Bold.otf in Resources */ = {isa = PBXBuildFile; fileRef = 14DFB4A11632E97600B0109F /* Proxima Nova Bold.otf */; };
		14FC3870162E14DA0021EBA0 /* mrticktock.ttf in Resources */ = {isa = PBXBuildFile; fileRef = 14FC386F162E14DA0021EBA0 /* mrticktock.ttf */; };
		751C6F71F21E43199BB2C737 /* libPods.a in Frameworks */ = {isa = PBXBuildFile; fileRef = 004521F44D504A1C93BB1CE7 /* libPods.a */; };
/* End PBXBuildFile section */

/* Begin PBXFileReference section */
		004521F44D504A1C93BB1CE7 /* libPods.a */ = {isa = PBXFileReference; explicitFileType = archive.ar; includeInIndex = 0; path = libPods.a; sourceTree = BUILT_PRODUCTS_DIR; };
		1405C4AA1614528B0098BFC4 /* Security.framework */ = {isa = PBXFileReference; lastKnownFileType = wrapper.framework; name = Security.framework; path = System/Library/Frameworks/Security.framework; sourceTree = SDKROOT; };
		141F3C0D161D8DB40098D478 /* Icon-72.png */ = {isa = PBXFileReference; lastKnownFileType = image.png; path = "Icon-72.png"; sourceTree = "<group>"; };
		141F3C0E161D8DB40098D478 /* Icon-72@2x.png */ = {isa = PBXFileReference; lastKnownFileType = image.png; path = "Icon-72@2x.png"; sourceTree = "<group>"; };
		141F3C0F161D8DB40098D478 /* Icon-Small-50.png */ = {isa = PBXFileReference; lastKnownFileType = image.png; path = "Icon-Small-50.png"; sourceTree = "<group>"; };
		141F3C10161D8DB40098D478 /* Icon-Small-50@2x.png */ = {isa = PBXFileReference; lastKnownFileType = image.png; path = "Icon-Small-50@2x.png"; sourceTree = "<group>"; };
		141F3C11161D8DB40098D478 /* Icon-Small.png */ = {isa = PBXFileReference; lastKnownFileType = image.png; path = "Icon-Small.png"; sourceTree = "<group>"; };
		141F3C12161D8DB40098D478 /* Icon-Small@2x.png */ = {isa = PBXFileReference; lastKnownFileType = image.png; path = "Icon-Small@2x.png"; sourceTree = "<group>"; };
		141F3C13161D8DB40098D478 /* Icon.png */ = {isa = PBXFileReference; lastKnownFileType = image.png; path = Icon.png; sourceTree = "<group>"; };
		141F3C14161D8DB40098D478 /* Icon@2x.png */ = {isa = PBXFileReference; lastKnownFileType = image.png; path = "Icon@2x.png"; sourceTree = "<group>"; };
		142A5949162A14D800257605 /* ToggleTaskButton.h */ = {isa = PBXFileReference; fileEncoding = 4; lastKnownFileType = sourcecode.c.h; path = ToggleTaskButton.h; sourceTree = "<group>"; };
		142A594A162A14D800257605 /* ToggleTaskButton.m */ = {isa = PBXFileReference; fileEncoding = 4; lastKnownFileType = sourcecode.c.objc; path = ToggleTaskButton.m; sourceTree = "<group>"; };
		142A594D162A155700257605 /* QuartzCore.framework */ = {isa = PBXFileReference; lastKnownFileType = wrapper.framework; name = QuartzCore.framework; path = System/Library/Frameworks/QuartzCore.framework; sourceTree = SDKROOT; };
		1435EDAC1613B31D008BF105 /* MrTickTock.app */ = {isa = PBXFileReference; explicitFileType = wrapper.application; includeInIndex = 0; path = MrTickTock.app; sourceTree = BUILT_PRODUCTS_DIR; };
		1435EDB01613B31D008BF105 /* UIKit.framework */ = {isa = PBXFileReference; includeInIndex = 1; lastKnownFileType = wrapper.framework; name = UIKit.framework; path = System/Library/Frameworks/UIKit.framework; sourceTree = SDKROOT; };
		1435EDB21613B31D008BF105 /* Foundation.framework */ = {isa = PBXFileReference; includeInIndex = 1; lastKnownFileType = wrapper.framework; name = Foundation.framework; path = System/Library/Frameworks/Foundation.framework; sourceTree = SDKROOT; };
		1435EDB41613B31D008BF105 /* CoreGraphics.framework */ = {isa = PBXFileReference; includeInIndex = 1; lastKnownFileType = wrapper.framework; name = CoreGraphics.framework; path = System/Library/Frameworks/CoreGraphics.framework; sourceTree = SDKROOT; };
		1435EDB81613B31D008BF105 /* MrTickTock-Info.plist */ = {isa = PBXFileReference; lastKnownFileType = text.plist.xml; path = "MrTickTock-Info.plist"; sourceTree = "<group>"; };
		1435EDBA1613B31D008BF105 /* en */ = {isa = PBXFileReference; lastKnownFileType = text.plist.strings; name = en; path = en.lproj/InfoPlist.strings; sourceTree = "<group>"; };
		1435EDBC1613B31D008BF105 /* main.m */ = {isa = PBXFileReference; lastKnownFileType = sourcecode.c.objc; path = main.m; sourceTree = "<group>"; };
		1435EDBE1613B31D008BF105 /* MrTickTock-Prefix.pch */ = {isa = PBXFileReference; lastKnownFileType = sourcecode.c.h; path = "MrTickTock-Prefix.pch"; sourceTree = "<group>"; };
		1435EDBF1613B31D008BF105 /* AppDelegate.h */ = {isa = PBXFileReference; lastKnownFileType = sourcecode.c.h; path = AppDelegate.h; sourceTree = "<group>"; };
		1435EDC01613B31D008BF105 /* AppDelegate.m */ = {isa = PBXFileReference; lastKnownFileType = sourcecode.c.objc; path = AppDelegate.m; sourceTree = "<group>"; };
		1435EDC21613B31D008BF105 /* Default.png */ = {isa = PBXFileReference; lastKnownFileType = image.png; path = Default.png; sourceTree = "<group>"; };
		1435EDC41613B31E008BF105 /* Default@2x.png */ = {isa = PBXFileReference; lastKnownFileType = image.png; path = "Default@2x.png"; sourceTree = "<group>"; };
		1435EDC61613B31E008BF105 /* Default-568h@2x.png */ = {isa = PBXFileReference; lastKnownFileType = image.png; path = "Default-568h@2x.png"; sourceTree = "<group>"; };
		1435EDCB1613B31E008BF105 /* TasksViewController.h */ = {isa = PBXFileReference; lastKnownFileType = sourcecode.c.h; path = TasksViewController.h; sourceTree = "<group>"; };
		1435EDCC1613B31E008BF105 /* TasksViewController.m */ = {isa = PBXFileReference; lastKnownFileType = sourcecode.c.objc; path = TasksViewController.m; sourceTree = "<group>"; };
		143CC780163B4E2800698C82 /* MenuViewController.h */ = {isa = PBXFileReference; fileEncoding = 4; lastKnownFileType = sourcecode.c.h; path = MenuViewController.h; sourceTree = "<group>"; };
		143CC781163B4E2800698C82 /* MenuViewController.m */ = {isa = PBXFileReference; fileEncoding = 4; lastKnownFileType = sourcecode.c.objc; path = MenuViewController.m; sourceTree = "<group>"; };
		143ED8DE1624C92E00F7EA62 /* MrTickTock.xcdatamodel */ = {isa = PBXFileReference; lastKnownFileType = wrapper.xcdatamodel; path = MrTickTock.xcdatamodel; sourceTree = "<group>"; };
		143ED8F11624E43B00F7EA62 /* Task.h */ = {isa = PBXFileReference; fileEncoding = 4; lastKnownFileType = sourcecode.c.h; path = Task.h; sourceTree = "<group>"; };
		143ED8F21624E43B00F7EA62 /* Task.m */ = {isa = PBXFileReference; fileEncoding = 4; lastKnownFileType = sourcecode.c.objc; path = Task.m; sourceTree = "<group>"; };
		14626027161F5B0900C766A8 /* en */ = {isa = PBXFileReference; lastKnownFileType = file.storyboard; name = en; path = en.lproj/MainStoryboard.storyboard; sourceTree = "<group>"; };
		1475909F1613B4C40013CF70 /* AFMrTickTockAPIClient.h */ = {isa = PBXFileReference; fileEncoding = 4; lastKnownFileType = sourcecode.c.h; path = AFMrTickTockAPIClient.h; sourceTree = "<group>"; };
		147590A01613B4C40013CF70 /* AFMrTickTockAPIClient.m */ = {isa = PBXFileReference; fileEncoding = 4; lastKnownFileType = sourcecode.c.objc; path = AFMrTickTockAPIClient.m; sourceTree = "<group>"; };
		147590A31613D08E0013CF70 /* TaskCell.h */ = {isa = PBXFileReference; fileEncoding = 4; lastKnownFileType = sourcecode.c.h; path = TaskCell.h; sourceTree = "<group>"; };
		147590A41613D08E0013CF70 /* TaskCell.m */ = {isa = PBXFileReference; fileEncoding = 4; lastKnownFileType = sourcecode.c.objc; path = TaskCell.m; sourceTree = "<group>"; };
		148BD3531624E99D00FF4CFE /* MobileCoreServices.framework */ = {isa = PBXFileReference; lastKnownFileType = wrapper.framework; name = MobileCoreServices.framework; path = System/Library/Frameworks/MobileCoreServices.framework; sourceTree = SDKROOT; };
		148BD3571624EAE400FF4CFE /* CoreData.framework */ = {isa = PBXFileReference; lastKnownFileType = wrapper.framework; name = CoreData.framework; path = System/Library/Frameworks/CoreData.framework; sourceTree = SDKROOT; };
		148BF37E162DF4A000B68C62 /* pause.pdf */ = {isa = PBXFileReference; lastKnownFileType = image.pdf; path = pause.pdf; sourceTree = "<group>"; };
		148BF37F162DF4A000B68C62 /* start.pdf */ = {isa = PBXFileReference; lastKnownFileType = image.pdf; path = start.pdf; sourceTree = "<group>"; };
		148BF387162E045000B68C62 /* UIImage+Utils.h */ = {isa = PBXFileReference; fileEncoding = 4; lastKnownFileType = sourcecode.c.h; path = "UIImage+Utils.h"; sourceTree = "<group>"; };
		148BF388162E045000B68C62 /* UIImage+Utils.m */ = {isa = PBXFileReference; fileEncoding = 4; lastKnownFileType = sourcecode.c.objc; path = "UIImage+Utils.m"; sourceTree = "<group>"; };
		14AA7C891629D6F800DA9597 /* TasksManager.h */ = {isa = PBXFileReference; fileEncoding = 4; lastKnownFileType = sourcecode.c.h; path = TasksManager.h; sourceTree = "<group>"; };
		14AA7C8A1629D6F800DA9597 /* TasksManager.m */ = {isa = PBXFileReference; fileEncoding = 4; lastKnownFileType = sourcecode.c.objc; path = TasksManager.m; sourceTree = "<group>"; };
		14AA7C921629D85500DA9597 /* SynthesizeSingleton.h */ = {isa = PBXFileReference; fileEncoding = 4; lastKnownFileType = sourcecode.c.h; path = SynthesizeSingleton.h; sourceTree = "<group>"; };
		14C0FFD6161F8A19004A7380 /* bar@2x.png */ = {isa = PBXFileReference; lastKnownFileType = image.png; path = "bar@2x.png"; sourceTree = "<group>"; };
		14C0FFD9161F91D1004A7380 /* nav-button@2x.png */ = {isa = PBXFileReference; lastKnownFileType = image.png; path = "nav-button@2x.png"; sourceTree = "<group>"; };
		14C0FFDC161F9517004A7380 /* nav-button-selected@2x.png */ = {isa = PBXFileReference; lastKnownFileType = image.png; path = "nav-button-selected@2x.png"; sourceTree = "<group>"; };
		14C9F03516309DCC00F8C94D /* SearchBar.h */ = {isa = PBXFileReference; fileEncoding = 4; lastKnownFileType = sourcecode.c.h; path = SearchBar.h; sourceTree = "<group>"; };
		14C9F03616309DCC00F8C94D /* SearchBar.m */ = {isa = PBXFileReference; fileEncoding = 4; lastKnownFileType = sourcecode.c.objc; path = SearchBar.m; sourceTree = "<group>"; };
		14D7A0E716150160004BF0AB /* SystemConfiguration.framework */ = {isa = PBXFileReference; lastKnownFileType = wrapper.framework; name = SystemConfiguration.framework; path = System/Library/Frameworks/SystemConfiguration.framework; sourceTree = SDKROOT; };
		14D7A0F216151710004BF0AB /* LoginViewController.h */ = {isa = PBXFileReference; fileEncoding = 4; lastKnownFileType = sourcecode.c.h; path = LoginViewController.h; sourceTree = "<group>"; };
		14D7A0F316151710004BF0AB /* LoginViewController.m */ = {isa = PBXFileReference; fileEncoding = 4; lastKnownFileType = sourcecode.c.objc; path = LoginViewController.m; sourceTree = "<group>"; };
		14DFB4A01632E97600B0109F /* Proxima Nova Reg.otf */ = {isa = PBXFileReference; lastKnownFileType = file; path = "Proxima Nova Reg.otf"; sourceTree = "<group>"; };
		14DFB4A11632E97600B0109F /* Proxima Nova Bold.otf */ = {isa = PBXFileReference; lastKnownFileType = file; path = "Proxima Nova Bold.otf"; sourceTree = "<group>"; };
		14FC386F162E14DA0021EBA0 /* mrticktock.ttf */ = {isa = PBXFileReference; lastKnownFileType = file; path = mrticktock.ttf; sourceTree = "<group>"; };
		D89F082A5D4D4824B9A26E30 /* Pods.xcconfig */ = {isa = PBXFileReference; includeInIndex = 1; lastKnownFileType = text.xcconfig; name = Pods.xcconfig; path = Pods/Pods.xcconfig; sourceTree = SOURCE_ROOT; };
/* End PBXFileReference section */

/* Begin PBXFrameworksBuildPhase section */
		1435EDA91613B31D008BF105 /* Frameworks */ = {
			isa = PBXFrameworksBuildPhase;
			buildActionMask = 2147483647;
			files = (
				142A594F162A156000257605 /* QuartzCore.framework in Frameworks */,
				148BD3591624EAF600FF4CFE /* CoreData.framework in Frameworks */,
				148BD3541624E99D00FF4CFE /* MobileCoreServices.framework in Frameworks */,
				14D7A0E816150160004BF0AB /* SystemConfiguration.framework in Frameworks */,
				1405C4AB1614528B0098BFC4 /* Security.framework in Frameworks */,
				1435EDB11613B31D008BF105 /* UIKit.framework in Frameworks */,
				1435EDB31613B31D008BF105 /* Foundation.framework in Frameworks */,
				1435EDB51613B31D008BF105 /* CoreGraphics.framework in Frameworks */,
				751C6F71F21E43199BB2C737 /* libPods.a in Frameworks */,
			);
			runOnlyForDeploymentPostprocessing = 0;
		};
/* End PBXFrameworksBuildPhase section */

/* Begin PBXGroup section */
		1435EDA11613B31D008BF105 = {
			isa = PBXGroup;
			children = (
				1435EDB61613B31D008BF105 /* MrTickTock */,
				1435EDAF1613B31D008BF105 /* Frameworks */,
				1435EDAD1613B31D008BF105 /* Products */,
				D89F082A5D4D4824B9A26E30 /* Pods.xcconfig */,
			);
			sourceTree = "<group>";
		};
		1435EDAD1613B31D008BF105 /* Products */ = {
			isa = PBXGroup;
			children = (
				1435EDAC1613B31D008BF105 /* MrTickTock.app */,
			);
			name = Products;
			sourceTree = "<group>";
		};
		1435EDAF1613B31D008BF105 /* Frameworks */ = {
			isa = PBXGroup;
			children = (
				142A594D162A155700257605 /* QuartzCore.framework */,
				148BD3571624EAE400FF4CFE /* CoreData.framework */,
				14D7A0E716150160004BF0AB /* SystemConfiguration.framework */,
				148BD3531624E99D00FF4CFE /* MobileCoreServices.framework */,
				1405C4AA1614528B0098BFC4 /* Security.framework */,
				1435EDB01613B31D008BF105 /* UIKit.framework */,
				1435EDB21613B31D008BF105 /* Foundation.framework */,
				1435EDB41613B31D008BF105 /* CoreGraphics.framework */,
				004521F44D504A1C93BB1CE7 /* libPods.a */,
			);
			name = Frameworks;
			sourceTree = "<group>";
		};
		1435EDB61613B31D008BF105 /* MrTickTock */ = {
			isa = PBXGroup;
			children = (
				148BF386162E043700B68C62 /* Utils */,
				14AA7C881629D6DF00DA9597 /* Manager */,
				14CAAEEE16144DB50013E039 /* API */,
				14CAAEED16144D9F0013E039 /* Model */,
				14CAAEEC16144D720013E039 /* View */,
				14CAAEEA16144D2A0013E039 /* Controller */,
				143ED8DB1624C90900F7EA62 /* Data */,
				1435EDB71613B31D008BF105 /* Supporting Files */,
			);
			path = MrTickTock;
			sourceTree = "<group>";
		};
		1435EDB71613B31D008BF105 /* Supporting Files */ = {
			isa = PBXGroup;
			children = (
				14FC3872162E14EC0021EBA0 /* Fonts */,
				14C0FFD3161F873F004A7380 /* Images */,
				141F3C0D161D8DB40098D478 /* Icon-72.png */,
				141F3C0E161D8DB40098D478 /* Icon-72@2x.png */,
				141F3C0F161D8DB40098D478 /* Icon-Small-50.png */,
				141F3C10161D8DB40098D478 /* Icon-Small-50@2x.png */,
				141F3C11161D8DB40098D478 /* Icon-Small.png */,
				141F3C12161D8DB40098D478 /* Icon-Small@2x.png */,
				141F3C13161D8DB40098D478 /* Icon.png */,
				141F3C14161D8DB40098D478 /* Icon@2x.png */,
				1435EDB81613B31D008BF105 /* MrTickTock-Info.plist */,
				1435EDB91613B31D008BF105 /* InfoPlist.strings */,
				1435EDBC1613B31D008BF105 /* main.m */,
				1435EDBE1613B31D008BF105 /* MrTickTock-Prefix.pch */,
				1435EDC21613B31D008BF105 /* Default.png */,
				1435EDC41613B31E008BF105 /* Default@2x.png */,
				1435EDC61613B31E008BF105 /* Default-568h@2x.png */,
			);
			name = "Supporting Files";
			sourceTree = "<group>";
		};
		143ED8DB1624C90900F7EA62 /* Data */ = {
			isa = PBXGroup;
			children = (
				143ED8DD1624C92E00F7EA62 /* MrTickTock.xcdatamodeld */,
			);
			name = Data;
			sourceTree = "<group>";
		};
		148BF386162E043700B68C62 /* Utils */ = {
			isa = PBXGroup;
			children = (
				14AA7C921629D85500DA9597 /* SynthesizeSingleton.h */,
				148BF387162E045000B68C62 /* UIImage+Utils.h */,
				148BF388162E045000B68C62 /* UIImage+Utils.m */,
			);
			name = Utils;
			sourceTree = "<group>";
		};
		14AA7C881629D6DF00DA9597 /* Manager */ = {
			isa = PBXGroup;
			children = (
				14AA7C891629D6F800DA9597 /* TasksManager.h */,
				14AA7C8A1629D6F800DA9597 /* TasksManager.m */,
			);
			name = Manager;
			sourceTree = "<group>";
		};
		14C0FFD3161F873F004A7380 /* Images */ = {
			isa = PBXGroup;
			children = (
				148BF37E162DF4A000B68C62 /* pause.pdf */,
				148BF37F162DF4A000B68C62 /* start.pdf */,
				14C0FFD6161F8A19004A7380 /* bar@2x.png */,
				14C0FFDC161F9517004A7380 /* nav-button-selected@2x.png */,
				14C0FFD9161F91D1004A7380 /* nav-button@2x.png */,
			);
			name = Images;
			sourceTree = "<group>";
		};
		14CAAEEA16144D2A0013E039 /* Controller */ = {
			isa = PBXGroup;
			children = (
				1435EDBF1613B31D008BF105 /* AppDelegate.h */,
				1435EDC01613B31D008BF105 /* AppDelegate.m */,
				1435EDCB1613B31E008BF105 /* TasksViewController.h */,
				1435EDCC1613B31E008BF105 /* TasksViewController.m */,
				14D7A0F216151710004BF0AB /* LoginViewController.h */,
				14D7A0F316151710004BF0AB /* LoginViewController.m */,
				143CC780163B4E2800698C82 /* MenuViewController.h */,
				143CC781163B4E2800698C82 /* MenuViewController.m */,
			);
			name = Controller;
			sourceTree = "<group>";
		};
		14CAAEEC16144D720013E039 /* View */ = {
			isa = PBXGroup;
			children = (
				14626026161F5B0900C766A8 /* MainStoryboard.storyboard */,
				147590A31613D08E0013CF70 /* TaskCell.h */,
				147590A41613D08E0013CF70 /* TaskCell.m */,
				142A5949162A14D800257605 /* ToggleTaskButton.h */,
				142A594A162A14D800257605 /* ToggleTaskButton.m */,
				14C9F03516309DCC00F8C94D /* SearchBar.h */,
				14C9F03616309DCC00F8C94D /* SearchBar.m */,
			);
			name = View;
			sourceTree = "<group>";
		};
		14CAAEED16144D9F0013E039 /* Model */ = {
			isa = PBXGroup;
			children = (
				143ED8F11624E43B00F7EA62 /* Task.h */,
				143ED8F21624E43B00F7EA62 /* Task.m */,
			);
			name = Model;
			sourceTree = "<group>";
		};
		14CAAEEE16144DB50013E039 /* API */ = {
			isa = PBXGroup;
			children = (
				1475909F1613B4C40013CF70 /* AFMrTickTockAPIClient.h */,
				147590A01613B4C40013CF70 /* AFMrTickTockAPIClient.m */,
			);
			name = API;
			sourceTree = "<group>";
		};
		14FC3872162E14EC0021EBA0 /* Fonts */ = {
			isa = PBXGroup;
			children = (
				14DFB4A01632E97600B0109F /* Proxima Nova Reg.otf */,
				14DFB4A11632E97600B0109F /* Proxima Nova Bold.otf */,
				14FC386F162E14DA0021EBA0 /* mrticktock.ttf */,
			);
			name = Fonts;
			sourceTree = "<group>";
		};
/* End PBXGroup section */

/* Begin PBXNativeTarget section */
		1435EDAB1613B31D008BF105 /* MrTickTock */ = {
			isa = PBXNativeTarget;
			buildConfigurationList = 1435EDD01613B31E008BF105 /* Build configuration list for PBXNativeTarget "MrTickTock" */;
			buildPhases = (
				1435EDA81613B31D008BF105 /* Sources */,
				1435EDA91613B31D008BF105 /* Frameworks */,
				1435EDAA1613B31D008BF105 /* Resources */,
				850AD20F876E4767BA774953 /* Copy Pods Resources */,
			);
			buildRules = (
			);
			dependencies = (
			);
			name = MrTickTock;
			productName = MrTickTock;
			productReference = 1435EDAC1613B31D008BF105 /* MrTickTock.app */;
			productType = "com.apple.product-type.application";
		};
/* End PBXNativeTarget section */

/* Begin PBXProject section */
		1435EDA31613B31D008BF105 /* Project object */ = {
			isa = PBXProject;
			attributes = {
				LastUpgradeCheck = 0450;
				ORGANIZATIONNAME = "André Neves";
			};
			buildConfigurationList = 1435EDA61613B31D008BF105 /* Build configuration list for PBXProject "MrTickTock" */;
			compatibilityVersion = "Xcode 3.2";
			developmentRegion = English;
			hasScannedForEncodings = 0;
			knownRegions = (
				en,
			);
			mainGroup = 1435EDA11613B31D008BF105;
			productRefGroup = 1435EDAD1613B31D008BF105 /* Products */;
			projectDirPath = "";
			projectRoot = "";
			targets = (
				1435EDAB1613B31D008BF105 /* MrTickTock */,
			);
		};
/* End PBXProject section */

/* Begin PBXResourcesBuildPhase section */
		1435EDAA1613B31D008BF105 /* Resources */ = {
			isa = PBXResourcesBuildPhase;
			buildActionMask = 2147483647;
			files = (
				1435EDBB1613B31D008BF105 /* InfoPlist.strings in Resources */,
				1435EDC31613B31E008BF105 /* Default.png in Resources */,
				1435EDC51613B31E008BF105 /* Default@2x.png in Resources */,
				1435EDC71613B31E008BF105 /* Default-568h@2x.png in Resources */,
				141F3C15161D8DB40098D478 /* Icon-72.png in Resources */,
				141F3C16161D8DB40098D478 /* Icon-72@2x.png in Resources */,
				141F3C17161D8DB40098D478 /* Icon-Small-50.png in Resources */,
				141F3C18161D8DB40098D478 /* Icon-Small-50@2x.png in Resources */,
				141F3C19161D8DB40098D478 /* Icon-Small.png in Resources */,
				141F3C1A161D8DB40098D478 /* Icon-Small@2x.png in Resources */,
				141F3C1B161D8DB40098D478 /* Icon.png in Resources */,
				141F3C1C161D8DB40098D478 /* Icon@2x.png in Resources */,
				14626028161F5B0900C766A8 /* MainStoryboard.storyboard in Resources */,
				14C0FFD7161F8A19004A7380 /* bar@2x.png in Resources */,
				14C0FFDB161F91D1004A7380 /* nav-button@2x.png in Resources */,
				14C0FFDD161F9518004A7380 /* nav-button-selected@2x.png in Resources */,
				148BF380162DF4A000B68C62 /* pause.pdf in Resources */,
				148BF381162DF4A000B68C62 /* start.pdf in Resources */,
				14FC3870162E14DA0021EBA0 /* mrticktock.ttf in Resources */,
				14DFB4A21632E97600B0109F /* Proxima Nova Reg.otf in Resources */,
				14DFB4A31632E97600B0109F /* Proxima Nova Bold.otf in Resources */,
			);
			runOnlyForDeploymentPostprocessing = 0;
		};
/* End PBXResourcesBuildPhase section */

/* Begin PBXShellScriptBuildPhase section */
		850AD20F876E4767BA774953 /* Copy Pods Resources */ = {
			isa = PBXShellScriptBuildPhase;
			buildActionMask = 2147483647;
			files = (
			);
			inputPaths = (
			);
			name = "Copy Pods Resources";
			outputPaths = (
			);
			runOnlyForDeploymentPostprocessing = 0;
			shellPath = /bin/sh;
			shellScript = "\"${SRCROOT}/Pods/Pods-resources.sh\"\n";
		};
/* End PBXShellScriptBuildPhase section */

/* Begin PBXSourcesBuildPhase section */
		1435EDA81613B31D008BF105 /* Sources */ = {
			isa = PBXSourcesBuildPhase;
			buildActionMask = 2147483647;
			files = (
				1435EDBD1613B31D008BF105 /* main.m in Sources */,
				1435EDC11613B31D008BF105 /* AppDelegate.m in Sources */,
				1435EDCD1613B31E008BF105 /* TasksViewController.m in Sources */,
				147590A11613B4C40013CF70 /* AFMrTickTockAPIClient.m in Sources */,
				147590A51613D08E0013CF70 /* TaskCell.m in Sources */,
				14D7A0F416151710004BF0AB /* LoginViewController.m in Sources */,
				143ED8F31624E43B00F7EA62 /* Task.m in Sources */,
				148BD3521624E90A00FF4CFE /* MrTickTock.xcdatamodeld in Sources */,
				14AA7C8B1629D6F800DA9597 /* TasksManager.m in Sources */,
				142A594B162A14D800257605 /* ToggleTaskButton.m in Sources */,
				148BF389162E045000B68C62 /* UIImage+Utils.m in Sources */,
				14C9F03716309DCC00F8C94D /* SearchBar.m in Sources */,
				143CC782163B4E2800698C82 /* MenuViewController.m in Sources */,
			);
			runOnlyForDeploymentPostprocessing = 0;
		};
/* End PBXSourcesBuildPhase section */

/* Begin PBXVariantGroup section */
		1435EDB91613B31D008BF105 /* InfoPlist.strings */ = {
			isa = PBXVariantGroup;
			children = (
				1435EDBA1613B31D008BF105 /* en */,
			);
			name = InfoPlist.strings;
			sourceTree = "<group>";
		};
		14626026161F5B0900C766A8 /* MainStoryboard.storyboard */ = {
			isa = PBXVariantGroup;
			children = (
				14626027161F5B0900C766A8 /* en */,
			);
			name = MainStoryboard.storyboard;
			sourceTree = "<group>";
		};
/* End PBXVariantGroup section */

/* Begin XCBuildConfiguration section */
		1435EDCE1613B31E008BF105 /* Debug */ = {
			isa = XCBuildConfiguration;
			buildSettings = {
				ALWAYS_SEARCH_USER_PATHS = NO;
				CLANG_CXX_LANGUAGE_STANDARD = "gnu++0x";
				CLANG_CXX_LIBRARY = "libc++";
				CLANG_ENABLE_OBJC_ARC = YES;
				CLANG_WARN_EMPTY_BODY = YES;
				CLANG_WARN__DUPLICATE_METHOD_MATCH = YES;
				"CODE_SIGN_IDENTITY[sdk=iphoneos*]" = "iPhone Developer";
				COPY_PHASE_STRIP = NO;
				GCC_C_LANGUAGE_STANDARD = gnu99;
				GCC_DYNAMIC_NO_PIC = NO;
				GCC_OPTIMIZATION_LEVEL = 0;
				GCC_PREPROCESSOR_DEFINITIONS = (
					"DEBUG=1",
					"$(inherited)",
				);
				GCC_SYMBOLS_PRIVATE_EXTERN = NO;
				GCC_WARN_ABOUT_RETURN_TYPE = YES;
				GCC_WARN_UNINITIALIZED_AUTOS = YES;
				GCC_WARN_UNUSED_VARIABLE = YES;
				IPHONEOS_DEPLOYMENT_TARGET = 5.1;
				SDKROOT = iphoneos;
				VALID_ARCHS = armv7;
			};
			name = Debug;
		};
		1435EDCF1613B31E008BF105 /* Release */ = {
			isa = XCBuildConfiguration;
			buildSettings = {
				ALWAYS_SEARCH_USER_PATHS = NO;
				CLANG_CXX_LANGUAGE_STANDARD = "gnu++0x";
				CLANG_CXX_LIBRARY = "libc++";
				CLANG_ENABLE_OBJC_ARC = YES;
				CLANG_WARN_EMPTY_BODY = YES;
				CLANG_WARN__DUPLICATE_METHOD_MATCH = YES;
				"CODE_SIGN_IDENTITY[sdk=iphoneos*]" = "iPhone Developer";
				COPY_PHASE_STRIP = YES;
				GCC_C_LANGUAGE_STANDARD = gnu99;
				GCC_WARN_ABOUT_RETURN_TYPE = YES;
				GCC_WARN_UNINITIALIZED_AUTOS = YES;
				GCC_WARN_UNUSED_VARIABLE = YES;
				IPHONEOS_DEPLOYMENT_TARGET = 5.1;
				OTHER_CFLAGS = "-DNS_BLOCK_ASSERTIONS=1";
				SDKROOT = iphoneos;
				VALIDATE_PRODUCT = YES;
				VALID_ARCHS = armv7;
			};
			name = Release;
		};
		1435EDD11613B31E008BF105 /* Debug */ = {
			isa = XCBuildConfiguration;
			baseConfigurationReference = D89F082A5D4D4824B9A26E30 /* Pods.xcconfig */;
			buildSettings = {
				GCC_PRECOMPILE_PREFIX_HEADER = YES;
				GCC_PREFIX_HEADER = "MrTickTock/MrTickTock-Prefix.pch";
				INFOPLIST_FILE = "MrTickTock/MrTickTock-Info.plist";
				IPHONEOS_DEPLOYMENT_TARGET = 5.1;
				PRODUCT_NAME = "$(TARGET_NAME)";
				TARGETED_DEVICE_FAMILY = "1,2";
				WRAPPER_EXTENSION = app;
			};
			name = Debug;
		};
		1435EDD21613B31E008BF105 /* Release */ = {
			isa = XCBuildConfiguration;
			baseConfigurationReference = D89F082A5D4D4824B9A26E30 /* Pods.xcconfig */;
			buildSettings = {
				GCC_PRECOMPILE_PREFIX_HEADER = YES;
				GCC_PREFIX_HEADER = "MrTickTock/MrTickTock-Prefix.pch";
				INFOPLIST_FILE = "MrTickTock/MrTickTock-Info.plist";
				IPHONEOS_DEPLOYMENT_TARGET = 5.1;
				PRODUCT_NAME = "$(TARGET_NAME)";
				TARGETED_DEVICE_FAMILY = "1,2";
				WRAPPER_EXTENSION = app;
			};
			name = Release;
		};
/* End XCBuildConfiguration section */

/* Begin XCConfigurationList section */
		1435EDA61613B31D008BF105 /* Build configuration list for PBXProject "MrTickTock" */ = {
			isa = XCConfigurationList;
			buildConfigurations = (
				1435EDCE1613B31E008BF105 /* Debug */,
				1435EDCF1613B31E008BF105 /* Release */,
			);
			defaultConfigurationIsVisible = 0;
			defaultConfigurationName = Release;
		};
		1435EDD01613B31E008BF105 /* Build configuration list for PBXNativeTarget "MrTickTock" */ = {
			isa = XCConfigurationList;
			buildConfigurations = (
				1435EDD11613B31E008BF105 /* Debug */,
				1435EDD21613B31E008BF105 /* Release */,
			);
			defaultConfigurationIsVisible = 0;
			defaultConfigurationName = Release;
		};
/* End XCConfigurationList section */

/* Begin XCVersionGroup section */
		143ED8DD1624C92E00F7EA62 /* MrTickTock.xcdatamodeld */ = {
			isa = XCVersionGroup;
			children = (
				143ED8DE1624C92E00F7EA62 /* MrTickTock.xcdatamodel */,
			);
			currentVersion = 143ED8DE1624C92E00F7EA62 /* MrTickTock.xcdatamodel */;
			path = MrTickTock.xcdatamodeld;
			sourceTree = "<group>";
			versionGroupType = wrapper.xcdatamodel;
		};
/* End XCVersionGroup section */
	};
	rootObject = 1435EDA31613B31D008BF105 /* Project object */;
}
